
Microsoft Visual Studio Solution File, Format Version 12.00
# Visual Studio Version 17
VisualStudioVersion = 17.0.31903.59
MinimumVisualStudioVersion = 10.0.40219.1
Project("{FAE04EC0-301F-11D3-BF4B-00C04F79EFBC}") = "mml", "mml\mml.csproj", "{8C169271-0726-40C7-AC59-67DECE589E26}"
EndProject
Project("{FAE04EC0-301F-11D3-BF4B-00C04F79EFBC}") = "generator", "generator\generator.csproj", "{80E03D3C-3543-44B5-AC63-BE70B1DDF909}"
EndProject
Project("{FAE04EC0-301F-11D3-BF4B-00C04F79EFBC}") = "spike", "manual_spike\spike.csproj", "{2339B9FE-A236-40A0-894D-A153F9B08034}"
EndProject
Project("{FAE04EC0-301F-11D3-BF4B-00C04F79EFBC}") = "mermaid", "mermaid\mermaid.csproj", "{2BDCA148-09A6-40F6-AF71-0F9444B4AC41}"
EndProject
Project("{FAE04EC0-301F-11D3-BF4B-00C04F79EFBC}") = "generated", "generated\generated.csproj", "{3266E8EC-770A-4CEF-8608-AB26A844A156}"
EndProject
Global
	GlobalSection(SolutionConfigurationPlatforms) = preSolution
		Debug|Any CPU = Debug|Any CPU
		Release|Any CPU = Release|Any CPU
	EndGlobalSection
	GlobalSection(SolutionProperties) = preSolution
		HideSolutionNode = FALSE
	EndGlobalSection
	GlobalSection(ProjectConfigurationPlatforms) = postSolution
		{8C169271-0726-40C7-AC59-67DECE589E26}.Debug|Any CPU.ActiveCfg = Debug|Any CPU
		{8C169271-0726-40C7-AC59-67DECE589E26}.Debug|Any CPU.Build.0 = Debug|Any CPU
		{8C169271-0726-40C7-AC59-67DECE589E26}.Release|Any CPU.ActiveCfg = Release|Any CPU
		{8C169271-0726-40C7-AC59-67DECE589E26}.Release|Any CPU.Build.0 = Release|Any CPU
		{80E03D3C-3543-44B5-AC63-BE70B1DDF909}.Debug|Any CPU.ActiveCfg = Debug|Any CPU
		{80E03D3C-3543-44B5-AC63-BE70B1DDF909}.Debug|Any CPU.Build.0 = Debug|Any CPU
		{80E03D3C-3543-44B5-AC63-BE70B1DDF909}.Release|Any CPU.ActiveCfg = Release|Any CPU
		{80E03D3C-3543-44B5-AC63-BE70B1DDF909}.Release|Any CPU.Build.0 = Release|Any CPU
		{2339B9FE-A236-40A0-894D-A153F9B08034}.Debug|Any CPU.ActiveCfg = Debug|Any CPU
		{2339B9FE-A236-40A0-894D-A153F9B08034}.Debug|Any CPU.Build.0 = Debug|Any CPU
		{2339B9FE-A236-40A0-894D-A153F9B08034}.Release|Any CPU.ActiveCfg = Release|Any CPU
		{2339B9FE-A236-40A0-894D-A153F9B08034}.Release|Any CPU.Build.0 = Release|Any CPU
		{2BDCA148-09A6-40F6-AF71-0F9444B4AC41}.Debug|Any CPU.ActiveCfg = Debug|Any CPU
		{2BDCA148-09A6-40F6-AF71-0F9444B4AC41}.Debug|Any CPU.Build.0 = Debug|Any CPU
		{2BDCA148-09A6-40F6-AF71-0F9444B4AC41}.Release|Any CPU.ActiveCfg = Release|Any CPU
		{2BDCA148-09A6-40F6-AF71-0F9444B4AC41}.Release|Any CPU.Build.0 = Release|Any CPU
		{3266E8EC-770A-4CEF-8608-AB26A844A156}.Debug|Any CPU.ActiveCfg = Debug|Any CPU
		{3266E8EC-770A-4CEF-8608-AB26A844A156}.Debug|Any CPU.Build.0 = Debug|Any CPU
		{3266E8EC-770A-4CEF-8608-AB26A844A156}.Release|Any CPU.ActiveCfg = Release|Any CPU
		{3266E8EC-770A-4CEF-8608-AB26A844A156}.Release|Any CPU.Build.0 = Release|Any CPU
	EndGlobalSection
EndGlobal
